
Microsoft Visual Studio Solution File, Format Version 12.00
# Visual Studio Version 16
VisualStudioVersion = 16.0.31005.135
MinimumVisualStudioVersion = 10.0.40219.1
Project("{8BC9CEB8-8B4A-11D0-8D11-00A0C91BC942}") = "GL_Graphics", "GL_Graphics\GL_Graphics.vcxproj", "{CE325572-CDF3-44EF-9848-7B4CFDBAEFC4}"
EndProject
Global
	GlobalSection(SolutionConfigurationPlatforms) = preSolution
		Debug|x64 = Debug|x64
		Debug|x86 = Debug|x86
		Release|x64 = Release|x64
		Release|x86 = Release|x86
	EndGlobalSection
	GlobalSection(ProjectConfigurationPlatforms) = postSolution
		{CE325572-CDF3-44EF-9848-7B4CFDBAEFC4}.Debug|x64.ActiveCfg = Debug|x64
		{CE325572-CDF3-44EF-9848-7B4CFDBAEFC4}.Debug|x64.Build.0 = Debug|x64
		{CE325572-CDF3-44EF-9848-7B4CFDBAEFC4}.Debug|x86.ActiveCfg = Debug|Win32
		{CE325572-CDF3-44EF-9848-7B4CFDBAEFC4}.Debug|x86.Build.0 = Debug|Win32
		{CE325572-CDF3-44EF-9848-7B4CFDBAEFC4}.Release|x64.ActiveCfg = Release|x64
		{CE325572-CDF3-44EF-9848-7B4CFDBAEFC4}.Release|x64.Build.0 = Release|x64
		{CE325572-CDF3-44EF-9848-7B4CFDBAEFC4}.Release|x86.ActiveCfg = Release|Win32
		{CE325572-CDF3-44EF-9848-7B4CFDBAEFC4}.Release|x86.Build.0 = Release|Win32
	EndGlobalSection
	GlobalSection(SolutionProperties) = preSolution
		HideSolutionNode = FALSE
	EndGlobalSection
	GlobalSection(ExtensibilityGlobals) = postSolution
		SolutionGuid = {F7C8BF7A-9A73-4F85-9E35-B4F84BA831CB}
	EndGlobalSection
EndGlobal
